{
    "_readme": [
        "This file locks the dependencies of your project to a known state",
        "Read more about it at https://getcomposer.org/doc/01-basic-usage.md#composer-lock-the-lock-file",
        "This file is @generated automatically"
    ],
    "hash": "d8229cbb9aea945c9ca803bbe54d7aa7",
    "content-hash": "47929ed42fb67e5159ccec6a3a5a45eb",
    "packages": [
        {
            "name": "ccampbell/chromephp",
            "version": "4.1.0",
            "source": {
                "type": "git",
                "url": "https://github.com/ccampbell/chromephp.git",
                "reference": "c3c297615d48ae5b2a86a82311152d1ed095fcef"
            },
            "dist": {
                "type": "zip",
                "url": "https://api.github.com/repos/ccampbell/chromephp/zipball/c3c297615d48ae5b2a86a82311152d1ed095fcef",
                "reference": "c3c297615d48ae5b2a86a82311152d1ed095fcef",
                "shasum": ""
            },
            "require": {
                "php": ">=5.0.0"
            },
            "type": "library",
            "autoload": {
                "psr-0": {
                    "ChromePhp": ""
                }
            },
            "notification-url": "https://packagist.org/downloads/",
            "license": [
                "Apache-2.0"
            ],
            "authors": [
                {
                    "name": "Craig Campbell",
                    "email": "iamcraigcampbell@gmail.com",
                    "homepage": "http://craig.is",
                    "role": "Developer"
                }
            ],
            "description": "Log variables to the Chrome console (via Chrome Logger Google Chrome extension).",
            "homepage": "http://github.com/ccampbell/chromephp",
            "keywords": [
                "log",
                "logging"
            ],
            "time": "2013-06-26 03:44:33"
        },
        {
            "name": "ckeditor/ckeditor",
            "version": "dev-full/4.3.x",
            "source": {
                "type": "git",
                "url": "https://github.com/ckeditor/ckeditor-releases.git",
                "reference": "0b7c3f1"
            },
            "dist": {
                "type": "zip",
                "url": "https://api.github.com/repos/ckeditor/ckeditor-releases/zipball/252e512e911f21d880ea542fe162c4643885b317",
                "reference": "0b7c3f1",
                "shasum": ""
            },
            "type": "library",
            "notification-url": "https://packagist.org/downloads/",
            "license": [
                "GPL-2.0+",
                "LGPL-2.1+",
                "MPL-1.1+"
            ],
            "authors": [
                {
                    "name": "CKSource - Frederico Knabben",
                    "homepage": "http://cksource.com"
                }
            ],
            "description": "JavaScript WYSIWYG web text editor.",
            "homepage": "http://ckeditor.com",
            "keywords": [
                "CKEditor",
                "editor",
                "fckeditor",
                "html",
                "javascript",
                "richtext",
                "text",
                "wysiwyg"
            ],
            "time": "2014-02-26 15:43:10"
        },
        {
            "name": "mike42/escpos-php",
            "version": "dev-master",
            "source": {
                "type": "git",
                "url": "https://github.com/mike42/escpos-php.git",
                "reference": "63648d03d47b81e8f6c1020ac92f051a3f3b5793"
            },
            "dist": {
                "type": "zip",
                "url": "https://api.github.com/repos/mike42/escpos-php/zipball/63648d03d47b81e8f6c1020ac92f051a3f3b5793",
                "reference": "63648d03d47b81e8f6c1020ac92f051a3f3b5793",
                "shasum": ""
            },
            "require": {
                "php": ">=5.3.0"
            },
            "require-dev": {
                "phpunit/phpunit": "4.5.*"
            },
            "type": "library",
            "notification-url": "https://packagist.org/downloads/",
            "license": [
                "MIT"
            ],
            "authors": [
                {
                    "name": "Roni Saha",
                    "email": "roni.cse@gmail.com"
                },
                {
                    "name": "Michael Billington",
                    "email": "michael.billington@gmail.com"
                },
                {
                    "name": "Gergely Radics",
                    "email": "gerifield@ustream.tv"
                },
                {
                    "name": "Warren Doyle",
                    "email": "w.doyle@fuelled.co"
                },
                {
                    "name": "vharo",
                    "email": "vharo@geepok.com"
                }
            ],
            "description": "Thermal receipt printer library, for use with ESC/POS compatible printers",
            "homepage": "https://github.com/mike42/escpos-php",
            "keywords": [
                "ESC-POS",
                "driver",
                "escpos",
                "print",
                "receipt"
            ],
            "time": "2015-12-04 10:23:55"
        },
        {
            "name": "mobiledetect/mobiledetectlib",
            "version": "2.8.17",
            "source": {
                "type": "git",
                "url": "https://github.com/serbanghita/Mobile-Detect.git",
                "reference": "b87da5f63a76e9615a0c74fcf168657b1ea7e41d"
            },
            "dist": {
                "type": "zip",
                "url": "https://api.github.com/repos/serbanghita/Mobile-Detect/zipball/b87da5f63a76e9615a0c74fcf168657b1ea7e41d",
                "reference": "b87da5f63a76e9615a0c74fcf168657b1ea7e41d",
                "shasum": ""
            },
            "require": {
                "php": ">=5.0.0"
            },
            "require-dev": {
                "codeclimate/php-test-reporter": "dev-master",
                "johnkary/phpunit-speedtrap": "~1.0@dev",
                "phpunit/phpunit": "*"
            },
            "type": "library",
            "autoload": {
                "classmap": [
                    "Mobile_Detect.php"
                ],
                "psr-0": {
                    "Detection": "namespaced/"
                }
            },
            "notification-url": "https://packagist.org/downloads/",
            "license": [
                "MIT"
            ],
            "authors": [
                {
                    "name": "Serban Ghita",
                    "email": "serbanghita@gmail.com",
                    "homepage": "http://mobiledetect.net",
                    "role": "Developer"
                }
            ],
            "description": "Mobile_Detect is a lightweight PHP class for detecting mobile devices. It uses the User-Agent string combined with specific HTTP headers to detect the mobile environment.",
            "homepage": "https://github.com/serbanghita/Mobile-Detect",
            "keywords": [
                "detect mobile devices",
                "mobile",
                "mobile detect",
                "mobile detector",
                "php mobile detect"
            ],
            "time": "2015-09-17 14:45:21"
        },
        {
            "name": "phpoffice/phpexcel",
            "version": "1.8.1",
            "source": {
                "type": "git",
                "url": "https://github.com/PHPOffice/PHPExcel.git",
                "reference": "372c7cbb695a6f6f1e62649381aeaa37e7e70b32"
            },
            "dist": {
                "type": "zip",
                "url": "https://api.github.com/repos/PHPOffice/PHPExcel/zipball/372c7cbb695a6f6f1e62649381aeaa37e7e70b32",
                "reference": "372c7cbb695a6f6f1e62649381aeaa37e7e70b32",
                "shasum": ""
            },
            "require": {
                "ext-xml": "*",
                "ext-xmlwriter": "*",
                "php": ">=5.2.0"
            },
            "type": "library",
            "autoload": {
                "psr-0": {
                    "PHPExcel": "Classes/"
                }
            },
            "notification-url": "https://packagist.org/downloads/",
            "license": [
                "LGPL"
            ],
            "authors": [
                {
                    "name": "Maarten Balliauw",
                    "homepage": "http://blog.maartenballiauw.be"
                },
                {
                    "name": "Mark Baker"
                },
                {
                    "name": "Franck Lefevre",
                    "homepage": "http://blog.rootslabs.net"
                },
                {
                    "name": "Erik Tilt"
                }
            ],
            "description": "PHPExcel - OpenXML - Read, Create and Write Spreadsheet documents in PHP - Spreadsheet engine",
            "homepage": "http://phpexcel.codeplex.com",
            "keywords": [
                "OpenXML",
                "excel",
                "php",
                "spreadsheet",
                "xls",
                "xlsx"
            ],
            "time": "2015-05-01 07:00:55"
        },
        {
            "name": "restler/framework",
            "version": "3.0.0",
            "target-dir": "Luracast/Restler",
            "source": {
                "type": "git",
                "url": "https://github.com/Luracast/Restler-Framework.git",
                "reference": "6ee10b3e5dbc6376916fed55ec2340a37cce436b"
            },
            "dist": {
                "type": "zip",
                "url": "https://api.github.com/repos/Luracast/Restler-Framework/zipball/6ee10b3e5dbc6376916fed55ec2340a37cce436b",
                "reference": "6ee10b3e5dbc6376916fed55ec2340a37cce436b",
                "shasum": ""
            },
            "require": {
                "php": ">=5.3.0"
            },
            "replace": {
                "luracast/restler": "3.*"
            },
            "require-dev": {
                "bshaffer/oauth2-server-php": "v1.0",
                "luracast/explorer": "*",
                "mustache/mustache": "dev-master",
                "rodneyrehm/plist": "dev-master",
                "symfony/yaml": "*",
                "twig/twig": "v1.13.0",
                "zendframework/zendamf": "dev-master"
            },
            "suggest": {
                "bshaffer/oauth2-server-php": "Restler can provide OAuth2 authentication using this library (see require-dev for details)",
                "luracast/explorer": "Restler's very own api explorer (see require-dev for details)",
                "mustache/mustache": "Restler can render HtmlView using mustache/handlebar templates (see require-dev for details)",
                "rodneyrehm/plist": "Restler supports tho Apple plist xml format (see require-dev for details)",
                "symfony/yaml": "Restler can produce content in yaml format as well (see require-dev for details)",
                "twig/twig": "Restler can render HtmlView using twig templates (see require-dev for details)",
                "zendframework/zendamf": "Support for the amf document format  (see require-dev for details)"
            },
            "type": "library",
            "extra": {
                "branch-alias": {
                    "master": "v3.0.x-dev"
                }
            },
            "autoload": {
                "psr-0": {
                    "Luracast\\Restler": ""
                }
            },
            "notification-url": "https://packagist.org/downloads/",
            "license": [
                "LGPL-2.1"
            ],
            "authors": [
                {
                    "name": "Luracast",
                    "email": "arul@luracast.com"
                },
                {
                    "name": "Nick nickl- Lombard",
                    "email": "github@jigsoft.co.za"
                }
            ],
            "description": "Just the Restler Framework without the tests and examples",
            "homepage": "http://luracast.com/products/restler/",
            "keywords": [
                "api",
                "framework",
                "rest",
                "server"
            ],
            "time": "2015-08-04 07:52:49"
        },
        {
            "name": "tecnickcom/tcpdf",
            "version": "6.2.12",
            "source": {
                "type": "git",
                "url": "https://github.com/tecnickcom/TCPDF.git",
                "reference": "2f732eaa91b5665274689b1d40b285a7bacdc37f"
            },
            "dist": {
                "type": "zip",
                "url": "https://api.github.com/repos/tecnickcom/TCPDF/zipball/2f732eaa91b5665274689b1d40b285a7bacdc37f",
                "reference": "2f732eaa91b5665274689b1d40b285a7bacdc37f",
                "shasum": ""
            },
            "require": {
                "php": ">=5.3.0"
            },
            "type": "library",
            "autoload": {
                "classmap": [
                    "fonts",
                    "config",
                    "include",
                    "tcpdf.php",
                    "tcpdf_parser.php",
                    "tcpdf_import.php",
                    "tcpdf_barcodes_1d.php",
                    "tcpdf_barcodes_2d.php",
                    "include/tcpdf_colors.php",
                    "include/tcpdf_filters.php",
                    "include/tcpdf_font_data.php",
                    "include/tcpdf_fonts.php",
                    "include/tcpdf_images.php",
                    "include/tcpdf_static.php",
                    "include/barcodes/datamatrix.php",
                    "include/barcodes/pdf417.php",
                    "include/barcodes/qrcode.php"
                ]
            },
            "notification-url": "https://packagist.org/downloads/",
            "license": [
                "LGPLv3"
            ],
            "authors": [
                {
                    "name": "Nicola Asuni",
                    "email": "info@tecnick.com",
                    "homepage": "http://nicolaasuni.tecnick.com"
                }
            ],
            "description": "TCPDF is a PHP class for generating PDF documents and barcodes.",
            "homepage": "http://www.tcpdf.org/",
            "keywords": [
                "PDFD32000-2008",
                "TCPDF",
                "barcodes",
                "datamatrix",
                "pdf",
                "pdf417",
                "qrcode"
            ],
            "time": "2015-09-12 10:08:34"
        }
    ],
    "packages-dev": [],
    "aliases": [],
    "minimum-stability": "stable",
    "stability-flags": {
        "ckeditor/ckeditor": 20,
        "mike42/escpos-php": 20
    },
    "prefer-stable": false,
    "prefer-lowest": false,
    "platform": {
        "php": ">=5.3.0",
        "ext-curl": "*"
    },
    "platform-dev": []
}
